
Microsoft Visual Studio Solution File, Format Version 12.00
# Visual Studio Version 17
VisualStudioVersion = 17.14.36603.0
MinimumVisualStudioVersion = 10.0.40219.1
Project("{8BC9CEB8-8B4A-11D0-8D11-00A0C91BC942}") = "TestCleanSolution", "TestCleanSolution.vcxproj", "{4668F957-2F7F-45AD-8A67-37D75FCEED1F}"
EndProject
Project("{8BC9CEB8-8B4A-11D0-8D11-00A0C91BC942}") = "SDL3", "SDL-release-3.2.26\VisualC\SDL\SDL.vcxproj", "{81CE8DAF-EBB2-4761-8E45-B71ABCCA8C68}"
EndProject
Project("{8BC9CEB8-8B4A-11D0-8D11-00A0C91BC942}") = "BetterSnake", "..\BetterSnake\BetterSnake.vcxproj", "{35717A65-3543-45E7-A0E2-71380DE9ACA9}"
EndProject
Global
	GlobalSection(SolutionConfigurationPlatforms) = preSolution
		Debug|x64 = Debug|x64
		Debug|x86 = Debug|x86
		Release|x64 = Release|x64
		Release|x86 = Release|x86
	EndGlobalSection
	GlobalSection(ProjectConfigurationPlatforms) = postSolution
		{4668F957-2F7F-45AD-8A67-37D75FCEED1F}.Debug|x64.ActiveCfg = Debug|x64
		{4668F957-2F7F-45AD-8A67-37D75FCEED1F}.Debug|x64.Build.0 = Debug|x64
		{4668F957-2F7F-45AD-8A67-37D75FCEED1F}.Debug|x86.ActiveCfg = Debug|Win32
		{4668F957-2F7F-45AD-8A67-37D75FCEED1F}.Debug|x86.Build.0 = Debug|Win32
		{4668F957-2F7F-45AD-8A67-37D75FCEED1F}.Release|x64.ActiveCfg = Release|x64
		{4668F957-2F7F-45AD-8A67-37D75FCEED1F}.Release|x64.Build.0 = Release|x64
		{4668F957-2F7F-45AD-8A67-37D75FCEED1F}.Release|x86.ActiveCfg = Release|Win32
		{4668F957-2F7F-45AD-8A67-37D75FCEED1F}.Release|x86.Build.0 = Release|Win32
		{81CE8DAF-EBB2-4761-8E45-B71ABCCA8C68}.Debug|x64.ActiveCfg = Debug|x64
		{81CE8DAF-EBB2-4761-8E45-B71ABCCA8C68}.Debug|x64.Build.0 = Debug|x64
		{81CE8DAF-EBB2-4761-8E45-B71ABCCA8C68}.Debug|x86.ActiveCfg = Debug|Win32
		{81CE8DAF-EBB2-4761-8E45-B71ABCCA8C68}.Debug|x86.Build.0 = Debug|Win32
		{81CE8DAF-EBB2-4761-8E45-B71ABCCA8C68}.Release|x64.ActiveCfg = Release|x64
		{81CE8DAF-EBB2-4761-8E45-B71ABCCA8C68}.Release|x64.Build.0 = Release|x64
		{81CE8DAF-EBB2-4761-8E45-B71ABCCA8C68}.Release|x86.ActiveCfg = Release|Win32
		{81CE8DAF-EBB2-4761-8E45-B71ABCCA8C68}.Release|x86.Build.0 = Release|Win32
		{35717A65-3543-45E7-A0E2-71380DE9ACA9}.Debug|x64.ActiveCfg = Debug|x64
		{35717A65-3543-45E7-A0E2-71380DE9ACA9}.Debug|x64.Build.0 = Debug|x64
		{35717A65-3543-45E7-A0E2-71380DE9ACA9}.Debug|x86.ActiveCfg = Debug|Win32
		{35717A65-3543-45E7-A0E2-71380DE9ACA9}.Debug|x86.Build.0 = Debug|Win32
		{35717A65-3543-45E7-A0E2-71380DE9ACA9}.Release|x64.ActiveCfg = Release|x64
		{35717A65-3543-45E7-A0E2-71380DE9ACA9}.Release|x64.Build.0 = Release|x64
		{35717A65-3543-45E7-A0E2-71380DE9ACA9}.Release|x86.ActiveCfg = Release|Win32
		{35717A65-3543-45E7-A0E2-71380DE9ACA9}.Release|x86.Build.0 = Release|Win32
	EndGlobalSection
	GlobalSection(SolutionProperties) = preSolution
		HideSolutionNode = FALSE
	EndGlobalSection
	GlobalSection(ExtensibilityGlobals) = postSolution
		SolutionGuid = {3EE83F48-EE0D-486E-9D19-603D9572EE6A}
	EndGlobalSection
EndGlobal
